
Microsoft Visual Studio Solution File, Format Version 12.00
# Visual Studio 2013
VisualStudioVersion = 12.0.21005.1
MinimumVisualStudioVersion = 10.0.40219.1
Project("{FAE04EC0-301F-11D3-BF4B-00C04F79EFBC}") = "mivtve", "mivtve\mivtve.csproj", "{F468C3A5-F3AC-4C99-B6F4-543B29175138}"
	ProjectSection(ProjectDependencies) = postProject
		{235C9DD2-F558-487E-B08E-E171CD112D5D} = {235C9DD2-F558-487E-B08E-E171CD112D5D}
	EndProjectSection
EndProject
Project("{8BC9CEB8-8B4A-11D0-8D11-00A0C91BC942}") = "mivtmanaged", "mivtmanaged\mivtmanaged.vcxproj", "{235C9DD2-F558-487E-B08E-E171CD112D5D}"
	ProjectSection(ProjectDependencies) = postProject
		{1E463676-3EF8-4898-9524-480EC01B508D} = {1E463676-3EF8-4898-9524-480EC01B508D}
	EndProjectSection
EndProject
Project("{8BC9CEB8-8B4A-11D0-8D11-00A0C91BC942}") = "mivt", "mivt\mivt.vcxproj", "{1E463676-3EF8-4898-9524-480EC01B508D}"
	ProjectSection(ProjectDependencies) = postProject
		{A93D1AA2-F11B-4857-81F2-D47A119BF069} = {A93D1AA2-F11B-4857-81F2-D47A119BF069}
	EndProjectSection
EndProject
Project("{8BC9CEB8-8B4A-11D0-8D11-00A0C91BC942}") = "tgt", "tgt\tgt.vcxproj", "{A93D1AA2-F11B-4857-81F2-D47A119BF069}"
EndProject
Global
	GlobalSection(SolutionConfigurationPlatforms) = preSolution
		Debug|Mixed Platforms = Debug|Mixed Platforms
		Release|Mixed Platforms = Release|Mixed Platforms
	EndGlobalSection
	GlobalSection(ProjectConfigurationPlatforms) = postSolution
		{F468C3A5-F3AC-4C99-B6F4-543B29175138}.Debug|Mixed Platforms.ActiveCfg = Debug|Any CPU
		{F468C3A5-F3AC-4C99-B6F4-543B29175138}.Debug|Mixed Platforms.Build.0 = Debug|Any CPU
		{F468C3A5-F3AC-4C99-B6F4-543B29175138}.Release|Mixed Platforms.ActiveCfg = Release|Any CPU
		{F468C3A5-F3AC-4C99-B6F4-543B29175138}.Release|Mixed Platforms.Build.0 = Release|Any CPU
		{235C9DD2-F558-487E-B08E-E171CD112D5D}.Debug|Mixed Platforms.ActiveCfg = Debug|x64
		{235C9DD2-F558-487E-B08E-E171CD112D5D}.Debug|Mixed Platforms.Build.0 = Debug|x64
		{235C9DD2-F558-487E-B08E-E171CD112D5D}.Release|Mixed Platforms.ActiveCfg = Release|x64
		{235C9DD2-F558-487E-B08E-E171CD112D5D}.Release|Mixed Platforms.Build.0 = Release|x64
		{1E463676-3EF8-4898-9524-480EC01B508D}.Debug|Mixed Platforms.ActiveCfg = Debug|x64
		{1E463676-3EF8-4898-9524-480EC01B508D}.Debug|Mixed Platforms.Build.0 = Debug|x64
		{1E463676-3EF8-4898-9524-480EC01B508D}.Release|Mixed Platforms.ActiveCfg = Release|x64
		{1E463676-3EF8-4898-9524-480EC01B508D}.Release|Mixed Platforms.Build.0 = Release|x64
		{A93D1AA2-F11B-4857-81F2-D47A119BF069}.Debug|Mixed Platforms.ActiveCfg = Debug|x64
		{A93D1AA2-F11B-4857-81F2-D47A119BF069}.Debug|Mixed Platforms.Build.0 = Debug|x64
		{A93D1AA2-F11B-4857-81F2-D47A119BF069}.Release|Mixed Platforms.ActiveCfg = Release|x64
		{A93D1AA2-F11B-4857-81F2-D47A119BF069}.Release|Mixed Platforms.Build.0 = Release|x64
	EndGlobalSection
	GlobalSection(SolutionProperties) = preSolution
		HideSolutionNode = FALSE
	EndGlobalSection
EndGlobal
