<?xml version="1.0" encoding="utf-8"?>
<Project ToolsVersion="4.0" xmlns="http://schemas.microsoft.com/developer/msbuild/2003">
  <ItemGroup>
    <Filter Include="Source Files">
      <UniqueIdentifier>{4FC737F1-C7A5-4376-A066-2A32D752A2FF}</UniqueIdentifier>
      <Extensions>cpp;c;cc;cxx;def;odl;idl;hpj;bat;asm;asmx</Extensions>
    </Filter>
    <Filter Include="Header Files">
      <UniqueIdentifier>{93995380-89BD-4b04-88EB-625FBE52EBFB}</UniqueIdentifier>
      <Extensions>h;hh;hpp;hxx;hm;inl;inc;xsd</Extensions>
    </Filter>
    <Filter Include="Resource Files">
      <UniqueIdentifier>{67DA6AB6-F800-4c08-8B7A-83BB121AAD01}</UniqueIdentifier>
      <Extensions>rc;ico;cur;bmp;dlg;rc2;rct;bin;rgs;gif;jpg;jpeg;jpe;resx;tiff;tif;png;wav;mfcribbon-ms</Extensions>
    </Filter>
  </ItemGroup>
  <ItemGroup>
    <ClInclude Include="tgt_gl.h">
      <Filter>Header Files</Filter>
    </ClInclude>
    <ClInclude Include="exception.h">
      <Filter>Header Files</Filter>
    </ClInclude>
    <ClInclude Include="filesystem.h">
      <Filter>Header Files</Filter>
    </ClInclude>
    <ClInclude Include="logmanager.h">
      <Filter>Header Files</Filter>
    </ClInclude>
    <ClInclude Include="singleton.h">
      <Filter>Header Files</Filter>
    </ClInclude>
    <ClInclude Include="offscreenrender.h">
      <Filter>Header Files</Filter>
    </ClInclude>
    <ClInclude Include="framebufferobject.h">
      <Filter>Header Files</Filter>
    </ClInclude>
    <ClInclude Include="texture.h">
      <Filter>Header Files</Filter>
    </ClInclude>
    <ClInclude Include="textureunit.h">
      <Filter>Header Files</Filter>
    </ClInclude>
    <ClInclude Include="gpucapabilities.h">
      <Filter>Header Files</Filter>
    </ClInclude>
    <ClInclude Include="tgt_math.h">
      <Filter>Header Files</Filter>
    </ClInclude>
    <ClInclude Include="config.h">
      <Filter>Header Files</Filter>
    </ClInclude>
    <ClInclude Include="rendertarget.h">
      <Filter>Header Files</Filter>
    </ClInclude>
    <ClInclude Include="shadermanager.h">
      <Filter>Header Files</Filter>
    </ClInclude>
    <ClInclude Include="resourcemanager.h">
      <Filter>Header Files</Filter>
    </ClInclude>
    <ClInclude Include="camera.h">
      <Filter>Header Files</Filter>
    </ClInclude>
    <ClInclude Include="frustum.h">
      <Filter>Header Files</Filter>
    </ClInclude>
    <ClInclude Include="boundingbox.h">
      <Filter>Header Files</Filter>
    </ClInclude>
    <ClInclude Include="matrixstack.h">
      <Filter>Header Files</Filter>
    </ClInclude>
    <ClInclude Include="geometry.h">
      <Filter>Header Files</Filter>
    </ClInclude>
    <ClInclude Include="trianglemeshgeometry.h">
      <Filter>Header Files</Filter>
    </ClInclude>
    <ClInclude Include="trackball.h">
      <Filter>Header Files</Filter>
    </ClInclude>
    <ClInclude Include="volume.h">
      <Filter>Header Files</Filter>
    </ClInclude>
    <ClInclude Include="volumeatomic.h">
      <Filter>Header Files</Filter>
    </ClInclude>
    <ClInclude Include="volumederiveddata.h">
      <Filter>Header Files</Filter>
    </ClInclude>
    <ClInclude Include="volumeelement.h">
      <Filter>Header Files</Filter>
    </ClInclude>
    <ClInclude Include="volumefactory.h">
      <Filter>Header Files</Filter>
    </ClInclude>
    <ClInclude Include="volumegl.h">
      <Filter>Header Files</Filter>
    </ClInclude>
    <ClInclude Include="volumelist.h">
      <Filter>Header Files</Filter>
    </ClInclude>
    <ClInclude Include="volumeminmax.h">
      <Filter>Header Files</Filter>
    </ClInclude>
    <ClInclude Include="volumepreview.h">
      <Filter>Header Files</Filter>
    </ClInclude>
    <ClInclude Include="volumeram.h">
      <Filter>Header Files</Filter>
    </ClInclude>
    <ClInclude Include="volumerepresentation.h">
      <Filter>Header Files</Filter>
    </ClInclude>
    <ClInclude Include="volumetexture.h">
      <Filter>Header Files</Filter>
    </ClInclude>
    <ClInclude Include="valuemapping.h">
      <Filter>Header Files</Filter>
    </ClInclude>
    <ClInclude Include="volumehistogram.h">
      <Filter>Header Files</Filter>
    </ClInclude>
    <ClInclude Include="rawvolumereader.h">
      <Filter>Header Files</Filter>
    </ClInclude>
    <ClInclude Include="volumereader.h">
      <Filter>Header Files</Filter>
    </ClInclude>
    <ClInclude Include="progressbar.h">
      <Filter>Header Files</Filter>
    </ClInclude>
    <ClInclude Include="serializable.h">
      <Filter>Header Files</Filter>
    </ClInclude>
    <ClInclude Include="serializationexceptions.h">
      <Filter>Header Files</Filter>
    </ClInclude>
    <ClInclude Include="tgt_string.h">
      <Filter>Header Files</Filter>
    </ClInclude>
    <ClInclude Include="transfunc.h">
      <Filter>Header Files</Filter>
    </ClInclude>
    <ClInclude Include="transfunc1d.h">
      <Filter>Header Files</Filter>
    </ClInclude>
    <ClInclude Include="transfuncmappingkey.h">
      <Filter>Header Files</Filter>
    </ClInclude>
    <ClInclude Include="xmldeserializer.h">
      <Filter>Header Files</Filter>
    </ClInclude>
    <ClInclude Include="xmlserializationconstants.h">
      <Filter>Header Files</Filter>
    </ClInclude>
    <ClInclude Include="xmlserializer.h">
      <Filter>Header Files</Filter>
    </ClInclude>
    <ClInclude Include="xmlserializerbase.h">
      <Filter>Header Files</Filter>
    </ClInclude>
  </ItemGroup>
  <ItemGroup>
    <ClCompile Include="tgt_gl.cpp">
      <Filter>Source Files</Filter>
    </ClCompile>
    <ClCompile Include="exception.cpp">
      <Filter>Source Files</Filter>
    </ClCompile>
    <ClCompile Include="filesystem.cpp">
      <Filter>Source Files</Filter>
    </ClCompile>
    <ClCompile Include="logmanager.cpp">
      <Filter>Source Files</Filter>
    </ClCompile>
    <ClCompile Include="offscreenrender.cpp">
      <Filter>Source Files</Filter>
    </ClCompile>
    <ClCompile Include="framebufferobject.cpp">
      <Filter>Source Files</Filter>
    </ClCompile>
    <ClCompile Include="texture.cpp">
      <Filter>Source Files</Filter>
    </ClCompile>
    <ClCompile Include="textureunit.cpp">
      <Filter>Source Files</Filter>
    </ClCompile>
    <ClCompile Include="gpucapabilities.cpp">
      <Filter>Source Files</Filter>
    </ClCompile>
    <ClCompile Include="tgt_math.cpp">
      <Filter>Source Files</Filter>
    </ClCompile>
    <ClCompile Include="rendertarget.cpp">
      <Filter>Source Files</Filter>
    </ClCompile>
    <ClCompile Include="shadermanager.cpp">
      <Filter>Source Files</Filter>
    </ClCompile>
    <ClCompile Include="camera.cpp">
      <Filter>Source Files</Filter>
    </ClCompile>
    <ClCompile Include="frustum.cpp">
      <Filter>Source Files</Filter>
    </ClCompile>
    <ClCompile Include="boundingbox.cpp">
      <Filter>Source Files</Filter>
    </ClCompile>
    <ClCompile Include="matrixstack.cpp">
      <Filter>Source Files</Filter>
    </ClCompile>
    <ClCompile Include="geometry.cpp">
      <Filter>Source Files</Filter>
    </ClCompile>
    <ClCompile Include="trianglemeshgeometry.cpp">
      <Filter>Source Files</Filter>
    </ClCompile>
    <ClCompile Include="trackball.cpp">
      <Filter>Source Files</Filter>
    </ClCompile>
    <ClCompile Include="volume.cpp">
      <Filter>Source Files</Filter>
    </ClCompile>
    <ClCompile Include="volumeatomic.cpp">
      <Filter>Source Files</Filter>
    </ClCompile>
    <ClCompile Include="volumefactory.cpp">
      <Filter>Source Files</Filter>
    </ClCompile>
    <ClCompile Include="volumegl.cpp">
      <Filter>Source Files</Filter>
    </ClCompile>
    <ClCompile Include="volumelist.cpp">
      <Filter>Source Files</Filter>
    </ClCompile>
    <ClCompile Include="volumeminmax.cpp">
      <Filter>Source Files</Filter>
    </ClCompile>
    <ClCompile Include="volumepreview.cpp">
      <Filter>Source Files</Filter>
    </ClCompile>
    <ClCompile Include="volumeram.cpp">
      <Filter>Source Files</Filter>
    </ClCompile>
    <ClCompile Include="volumerepresentation.cpp">
      <Filter>Source Files</Filter>
    </ClCompile>
    <ClCompile Include="volumetexture.cpp">
      <Filter>Source Files</Filter>
    </ClCompile>
    <ClCompile Include="valuemapping.cpp">
      <Filter>Source Files</Filter>
    </ClCompile>
    <ClCompile Include="volumehistogram.cpp">
      <Filter>Source Files</Filter>
    </ClCompile>
    <ClCompile Include="rawvolumereader.cpp">
      <Filter>Source Files</Filter>
    </ClCompile>
    <ClCompile Include="volumereader.cpp">
      <Filter>Source Files</Filter>
    </ClCompile>
    <ClCompile Include="progressbar.cpp">
      <Filter>Source Files</Filter>
    </ClCompile>
    <ClCompile Include="tgt_string.cpp">
      <Filter>Source Files</Filter>
    </ClCompile>
    <ClCompile Include="transfunc.cpp">
      <Filter>Source Files</Filter>
    </ClCompile>
    <ClCompile Include="transfunc1d.cpp">
      <Filter>Source Files</Filter>
    </ClCompile>
    <ClCompile Include="transfuncmappingkey.cpp">
      <Filter>Source Files</Filter>
    </ClCompile>
    <ClCompile Include="xmldeserializer.cpp">
      <Filter>Source Files</Filter>
    </ClCompile>
    <ClCompile Include="xmlserializationconstants.cpp">
      <Filter>Source Files</Filter>
    </ClCompile>
    <ClCompile Include="xmlserializer.cpp">
      <Filter>Source Files</Filter>
    </ClCompile>
    <ClCompile Include="xmlserializerbase.cpp">
      <Filter>Source Files</Filter>
    </ClCompile>
  </ItemGroup>
</Project>