<?xml version="1.0" encoding="utf-8"?>
<Project ToolsVersion="4.0" xmlns="http://schemas.microsoft.com/developer/msbuild/2003">
  <ItemGroup>
    <Filter Include="glsl">
      <UniqueIdentifier>{1fccf42a-e449-4933-b64a-4c184051bf6e}</UniqueIdentifier>
    </Filter>
    <Filter Include="glsl\base">
      <UniqueIdentifier>{506605c8-fe2c-4231-8c38-673f2f0c13ff}</UniqueIdentifier>
    </Filter>
    <Filter Include="glsl\modules">
      <UniqueIdentifier>{f44efd64-ca57-4b51-b104-96c57a4a294c}</UniqueIdentifier>
    </Filter>
  </ItemGroup>
  <ItemGroup>
    <None Include="glsl\base\copyimage.frag">
      <Filter>glsl\base</Filter>
    </None>
    <None Include="glsl\base\eep_simple.frag">
      <Filter>glsl\base</Filter>
    </None>
    <None Include="glsl\base\eep_simple.vert">
      <Filter>glsl\base</Filter>
    </None>
    <None Include="glsl\base\passthrough.vert">
      <Filter>glsl\base</Filter>
    </None>
    <None Include="glsl\modules\mod_compositing.frag">
      <Filter>glsl\modules</Filter>
    </None>
    <None Include="glsl\modules\mod_depth.frag">
      <Filter>glsl\modules</Filter>
    </None>
    <None Include="glsl\modules\mod_gradient.frag">
      <Filter>glsl\modules</Filter>
    </None>
    <None Include="glsl\modules\mod_raysetup.frag">
      <Filter>glsl\modules</Filter>
    </None>
    <None Include="glsl\modules\mod_sampler2d.frag">
      <Filter>glsl\modules</Filter>
    </None>
    <None Include="glsl\modules\mod_sampler3d.frag">
      <Filter>glsl\modules</Filter>
    </None>
    <None Include="glsl\modules\mod_shading.frag">
      <Filter>glsl\modules</Filter>
    </None>
    <None Include="glsl\modules\mod_transfunc.frag">
      <Filter>glsl\modules</Filter>
    </None>
    <None Include="glsl\rc_basic.frag">
      <Filter>glsl</Filter>
    </None>
    <None Include="glsl\base\background.frag">
      <Filter>glsl\base</Filter>
    </None>
    <None Include="glsl\base\eep_insidevolume.frag">
      <Filter>glsl\base</Filter>
    </None>
    <None Include="glsl\base\preintegration.frag">
      <Filter>glsl\base</Filter>
    </None>
  </ItemGroup>
  <ItemGroup>
    <ClCompile Include="application.cpp" />
    <ClCompile Include="rendertoscreen.cpp" />
    <ClCompile Include="rendercolorcube.cpp" />
    <ClCompile Include="rendervolume.cpp" />
    <ClCompile Include="renderbase.cpp" />
    <ClCompile Include="volumeraycaster.cpp" />
    <ClCompile Include="preintegration.cpp" />
    <ClCompile Include="renderbackground.cpp" />
  </ItemGroup>
  <ItemGroup>
    <ClInclude Include="application.h" />
    <ClInclude Include="config.h" />
    <ClInclude Include="rendertoscreen.h" />
    <ClInclude Include="rendercolorcube.h" />
    <ClInclude Include="rendervolume.h" />
    <ClInclude Include="renderbase.h" />
    <ClInclude Include="volumeraycaster.h" />
    <ClInclude Include="preintegration.h" />
    <ClInclude Include="renderbackground.h" />
  </ItemGroup>
</Project>